dependencies:
- name: fluent-bit
  repository: https://kubernetes-charts.storage.googleapis.com/
  version: 2.4.4
- name: prometheus-operator
  repository: https://kubernetes-charts.storage.googleapis.com/
  version: 6.2.1
digest: sha256:1f633f70d974c2dd979ef37725c2e357e2c7a10804c6e6ee560af0926f54aaf5
generated: 2019-08-06T15:06:32.229742-07:00
