dependencies:
- name: fluent-bit
  repository: https://kubernetes-charts.storage.googleapis.com/
  version: 2.4.4
- name: prometheus-operator
  repository: https://kubernetes-charts.storage.googleapis.com/
  version: 6.2.1
digest: sha256:c0028e1a02f44e22a22e413c575ffda822fd9d7f2536b4a1333f53c1b71bb74a
generated: 2019-08-07T15:29:09.652316-07:00
